
Microsoft Visual Studio Solution File, Format Version 12.00
# Visual Studio Version 17
VisualStudioVersion = 17.0.32112.339
MinimumVisualStudioVersion = 10.0.40219.1
Project("{9A19103F-16F7-4668-BE54-9A1E7A4F7556}") = "Stacks and Queues", "Stacks and Queues\Stacks and Queues.csproj", "{7D9422CC-5F9F-4BDA-9252-E1ED3B1B2320}"
EndProject
Project("{FAE04EC0-301F-11D3-BF4B-00C04F79EFBC}") = "1. Reverse a String", "1. Reverse a String\1. Reverse a String.csproj", "{8C9D5675-84F4-4590-8293-AA1F23A12FE5}"
EndProject
Global
	GlobalSection(SolutionConfigurationPlatforms) = preSolution
		Debug|Any CPU = Debug|Any CPU
		Release|Any CPU = Release|Any CPU
	EndGlobalSection
	GlobalSection(ProjectConfigurationPlatforms) = postSolution
		{7D9422CC-5F9F-4BDA-9252-E1ED3B1B2320}.Debug|Any CPU.ActiveCfg = Debug|Any CPU
		{7D9422CC-5F9F-4BDA-9252-E1ED3B1B2320}.Debug|Any CPU.Build.0 = Debug|Any CPU
		{7D9422CC-5F9F-4BDA-9252-E1ED3B1B2320}.Release|Any CPU.ActiveCfg = Release|Any CPU
		{7D9422CC-5F9F-4BDA-9252-E1ED3B1B2320}.Release|Any CPU.Build.0 = Release|Any CPU
		{8C9D5675-84F4-4590-8293-AA1F23A12FE5}.Debug|Any CPU.ActiveCfg = Debug|Any CPU
		{8C9D5675-84F4-4590-8293-AA1F23A12FE5}.Debug|Any CPU.Build.0 = Debug|Any CPU
		{8C9D5675-84F4-4590-8293-AA1F23A12FE5}.Release|Any CPU.ActiveCfg = Release|Any CPU
		{8C9D5675-84F4-4590-8293-AA1F23A12FE5}.Release|Any CPU.Build.0 = Release|Any CPU
	EndGlobalSection
	GlobalSection(SolutionProperties) = preSolution
		HideSolutionNode = FALSE
	EndGlobalSection
	GlobalSection(ExtensibilityGlobals) = postSolution
		SolutionGuid = {2B10EA7F-9B1D-4DFF-A942-DBF7C7F0580F}
	EndGlobalSection
EndGlobal
