
Microsoft Visual Studio Solution File, Format Version 12.00
# Visual Studio Version 17
VisualStudioVersion = 17.2.32526.322
MinimumVisualStudioVersion = 10.0.40219.1
Project("{FAE04EC0-301F-11D3-BF4B-00C04F79EFBC}") = "Advanced Exam - 25 October 2020", "Advanced Exam - 25 October 2020\Advanced Exam - 25 October 2020.csproj", "{FFCA0ACF-8B83-4268-AEC0-4C11031C3B58}"
EndProject
Project("{FAE04EC0-301F-11D3-BF4B-00C04F79EFBC}") = "01. Scheduling", "01. Scheduling\01. Scheduling.csproj", "{C2BE928E-3DBE-48BD-87C3-F945F3B09EE9}"
EndProject
Project("{FAE04EC0-301F-11D3-BF4B-00C04F79EFBC}") = "03.Classroom", "03.Classroom\03.Classroom.csproj", "{42A88EFB-5BD3-4520-B322-192699537C84}"
EndProject
Project("{FAE04EC0-301F-11D3-BF4B-00C04F79EFBC}") = "02. Garden", "02. Garden\02. Garden.csproj", "{D8CF91E4-0F02-416E-B303-A825CCA423FF}"
EndProject
Global
	GlobalSection(SolutionConfigurationPlatforms) = preSolution
		Debug|Any CPU = Debug|Any CPU
		Release|Any CPU = Release|Any CPU
	EndGlobalSection
	GlobalSection(ProjectConfigurationPlatforms) = postSolution
		{FFCA0ACF-8B83-4268-AEC0-4C11031C3B58}.Debug|Any CPU.ActiveCfg = Debug|Any CPU
		{FFCA0ACF-8B83-4268-AEC0-4C11031C3B58}.Debug|Any CPU.Build.0 = Debug|Any CPU
		{FFCA0ACF-8B83-4268-AEC0-4C11031C3B58}.Release|Any CPU.ActiveCfg = Release|Any CPU
		{FFCA0ACF-8B83-4268-AEC0-4C11031C3B58}.Release|Any CPU.Build.0 = Release|Any CPU
		{C2BE928E-3DBE-48BD-87C3-F945F3B09EE9}.Debug|Any CPU.ActiveCfg = Debug|Any CPU
		{C2BE928E-3DBE-48BD-87C3-F945F3B09EE9}.Debug|Any CPU.Build.0 = Debug|Any CPU
		{C2BE928E-3DBE-48BD-87C3-F945F3B09EE9}.Release|Any CPU.ActiveCfg = Release|Any CPU
		{C2BE928E-3DBE-48BD-87C3-F945F3B09EE9}.Release|Any CPU.Build.0 = Release|Any CPU
		{42A88EFB-5BD3-4520-B322-192699537C84}.Debug|Any CPU.ActiveCfg = Debug|Any CPU
		{42A88EFB-5BD3-4520-B322-192699537C84}.Debug|Any CPU.Build.0 = Debug|Any CPU
		{42A88EFB-5BD3-4520-B322-192699537C84}.Release|Any CPU.ActiveCfg = Release|Any CPU
		{42A88EFB-5BD3-4520-B322-192699537C84}.Release|Any CPU.Build.0 = Release|Any CPU
		{D8CF91E4-0F02-416E-B303-A825CCA423FF}.Debug|Any CPU.ActiveCfg = Debug|Any CPU
		{D8CF91E4-0F02-416E-B303-A825CCA423FF}.Debug|Any CPU.Build.0 = Debug|Any CPU
		{D8CF91E4-0F02-416E-B303-A825CCA423FF}.Release|Any CPU.ActiveCfg = Release|Any CPU
		{D8CF91E4-0F02-416E-B303-A825CCA423FF}.Release|Any CPU.Build.0 = Release|Any CPU
	EndGlobalSection
	GlobalSection(SolutionProperties) = preSolution
		HideSolutionNode = FALSE
	EndGlobalSection
	GlobalSection(ExtensibilityGlobals) = postSolution
		SolutionGuid = {A96346D0-A924-4AC5-A650-A370A53A8A74}
	EndGlobalSection
EndGlobal
