
Microsoft Visual Studio Solution File, Format Version 12.00
# Visual Studio Version 17
VisualStudioVersion = 17.2.32526.322
MinimumVisualStudioVersion = 10.0.40219.1
Project("{FAE04EC0-301F-11D3-BF4B-00C04F79EFBC}") = "Testing", "Testing\Testing.csproj", "{69A00804-ABD6-4C7A-AE2D-A1F97559F48E}"
EndProject
Project("{FAE04EC0-301F-11D3-BF4B-00C04F79EFBC}") = "Easy does it", "Easy does it\Easy does it.csproj", "{2DBF728D-2A7E-4581-BAD4-89B1D842A27B}"
EndProject
Project("{FAE04EC0-301F-11D3-BF4B-00C04F79EFBC}") = "Galin", "Galin\Galin.csproj", "{A73DCBE0-4124-4B45-87A5-57E97572C773}"
EndProject
Global
	GlobalSection(SolutionConfigurationPlatforms) = preSolution
		Debug|Any CPU = Debug|Any CPU
		Release|Any CPU = Release|Any CPU
	EndGlobalSection
	GlobalSection(ProjectConfigurationPlatforms) = postSolution
		{69A00804-ABD6-4C7A-AE2D-A1F97559F48E}.Debug|Any CPU.ActiveCfg = Debug|Any CPU
		{69A00804-ABD6-4C7A-AE2D-A1F97559F48E}.Debug|Any CPU.Build.0 = Debug|Any CPU
		{69A00804-ABD6-4C7A-AE2D-A1F97559F48E}.Release|Any CPU.ActiveCfg = Release|Any CPU
		{69A00804-ABD6-4C7A-AE2D-A1F97559F48E}.Release|Any CPU.Build.0 = Release|Any CPU
		{2DBF728D-2A7E-4581-BAD4-89B1D842A27B}.Debug|Any CPU.ActiveCfg = Debug|Any CPU
		{2DBF728D-2A7E-4581-BAD4-89B1D842A27B}.Debug|Any CPU.Build.0 = Debug|Any CPU
		{2DBF728D-2A7E-4581-BAD4-89B1D842A27B}.Release|Any CPU.ActiveCfg = Release|Any CPU
		{2DBF728D-2A7E-4581-BAD4-89B1D842A27B}.Release|Any CPU.Build.0 = Release|Any CPU
		{A73DCBE0-4124-4B45-87A5-57E97572C773}.Debug|Any CPU.ActiveCfg = Debug|Any CPU
		{A73DCBE0-4124-4B45-87A5-57E97572C773}.Debug|Any CPU.Build.0 = Debug|Any CPU
		{A73DCBE0-4124-4B45-87A5-57E97572C773}.Release|Any CPU.ActiveCfg = Release|Any CPU
		{A73DCBE0-4124-4B45-87A5-57E97572C773}.Release|Any CPU.Build.0 = Release|Any CPU
	EndGlobalSection
	GlobalSection(SolutionProperties) = preSolution
		HideSolutionNode = FALSE
	EndGlobalSection
	GlobalSection(ExtensibilityGlobals) = postSolution
		SolutionGuid = {7D62F5F3-4CED-4C66-A5FC-78234486BD27}
	EndGlobalSection
EndGlobal
