
Microsoft Visual Studio Solution File, Format Version 12.00
# Visual Studio Version 17
VisualStudioVersion = 17.0.32112.339
MinimumVisualStudioVersion = 10.0.40219.1
Project("{9A19103F-16F7-4668-BE54-9A1E7A4F7556}") = "Denining Classes", "Denining Classes\Denining Classes.csproj", "{F24F4DB4-DE45-4755-81AC-59D23D32E888}"
EndProject
Project("{9A19103F-16F7-4668-BE54-9A1E7A4F7556}") = "01. Car", "01. Car\01. Car.csproj", "{8EE74AD4-38FF-4D33-8D17-473488599714}"
EndProject
Project("{FAE04EC0-301F-11D3-BF4B-00C04F79EFBC}") = "2. Car Extension", "2. Car Extension\2. Car Extension.csproj", "{47863378-7FE2-4226-8F57-AD3FB75A7491}"
EndProject
Project("{FAE04EC0-301F-11D3-BF4B-00C04F79EFBC}") = "3. Car Constructors", "3. Car Constructors\3. Car Constructors.csproj", "{7C74D1EB-C01D-444C-A9AC-95BF8FCBA8DC}"
EndProject
Project("{FAE04EC0-301F-11D3-BF4B-00C04F79EFBC}") = "4. Car Engine and Tires", "4. Car Engine and Tires\4. Car Engine and Tires.csproj", "{9D3DACE5-069D-412F-80A3-4C358C934073}"
EndProject
Global
	GlobalSection(SolutionConfigurationPlatforms) = preSolution
		Debug|Any CPU = Debug|Any CPU
		Release|Any CPU = Release|Any CPU
	EndGlobalSection
	GlobalSection(ProjectConfigurationPlatforms) = postSolution
		{F24F4DB4-DE45-4755-81AC-59D23D32E888}.Debug|Any CPU.ActiveCfg = Debug|Any CPU
		{F24F4DB4-DE45-4755-81AC-59D23D32E888}.Debug|Any CPU.Build.0 = Debug|Any CPU
		{F24F4DB4-DE45-4755-81AC-59D23D32E888}.Release|Any CPU.ActiveCfg = Release|Any CPU
		{F24F4DB4-DE45-4755-81AC-59D23D32E888}.Release|Any CPU.Build.0 = Release|Any CPU
		{8EE74AD4-38FF-4D33-8D17-473488599714}.Debug|Any CPU.ActiveCfg = Debug|Any CPU
		{8EE74AD4-38FF-4D33-8D17-473488599714}.Debug|Any CPU.Build.0 = Debug|Any CPU
		{8EE74AD4-38FF-4D33-8D17-473488599714}.Release|Any CPU.ActiveCfg = Release|Any CPU
		{8EE74AD4-38FF-4D33-8D17-473488599714}.Release|Any CPU.Build.0 = Release|Any CPU
		{47863378-7FE2-4226-8F57-AD3FB75A7491}.Debug|Any CPU.ActiveCfg = Debug|Any CPU
		{47863378-7FE2-4226-8F57-AD3FB75A7491}.Debug|Any CPU.Build.0 = Debug|Any CPU
		{47863378-7FE2-4226-8F57-AD3FB75A7491}.Release|Any CPU.ActiveCfg = Release|Any CPU
		{47863378-7FE2-4226-8F57-AD3FB75A7491}.Release|Any CPU.Build.0 = Release|Any CPU
		{7C74D1EB-C01D-444C-A9AC-95BF8FCBA8DC}.Debug|Any CPU.ActiveCfg = Debug|Any CPU
		{7C74D1EB-C01D-444C-A9AC-95BF8FCBA8DC}.Debug|Any CPU.Build.0 = Debug|Any CPU
		{7C74D1EB-C01D-444C-A9AC-95BF8FCBA8DC}.Release|Any CPU.ActiveCfg = Release|Any CPU
		{7C74D1EB-C01D-444C-A9AC-95BF8FCBA8DC}.Release|Any CPU.Build.0 = Release|Any CPU
		{9D3DACE5-069D-412F-80A3-4C358C934073}.Debug|Any CPU.ActiveCfg = Debug|Any CPU
		{9D3DACE5-069D-412F-80A3-4C358C934073}.Debug|Any CPU.Build.0 = Debug|Any CPU
		{9D3DACE5-069D-412F-80A3-4C358C934073}.Release|Any CPU.ActiveCfg = Release|Any CPU
		{9D3DACE5-069D-412F-80A3-4C358C934073}.Release|Any CPU.Build.0 = Release|Any CPU
	EndGlobalSection
	GlobalSection(SolutionProperties) = preSolution
		HideSolutionNode = FALSE
	EndGlobalSection
	GlobalSection(ExtensibilityGlobals) = postSolution
		SolutionGuid = {72350A79-3687-4179-95C3-2E099D4A004B}
	EndGlobalSection
EndGlobal
