
Microsoft Visual Studio Solution File, Format Version 12.00
# Visual Studio Version 17
VisualStudioVersion = 17.2.32526.322
MinimumVisualStudioVersion = 10.0.40219.1
Project("{9A19103F-16F7-4668-BE54-9A1E7A4F7556}") = "Exam Preparation", "Exam Preparation\Exam Preparation.csproj", "{2012C17A-E295-469E-B585-D3260200F86D}"
EndProject
Project("{9A19103F-16F7-4668-BE54-9A1E7A4F7556}") = "1.Meal Plan", "1.Meal Plan\1.Meal Plan.csproj", "{F512BF15-AE08-46EC-84D5-A9A074C828CE}"
EndProject
Project("{FAE04EC0-301F-11D3-BF4B-00C04F79EFBC}") = "2. Beaver at Work", "2. Beaver at Work\2. Beaver at Work.csproj", "{C39A9B22-D454-4AA6-9DC7-F10E13AD5C82}"
EndProject
Global
	GlobalSection(SolutionConfigurationPlatforms) = preSolution
		Debug|Any CPU = Debug|Any CPU
		Release|Any CPU = Release|Any CPU
	EndGlobalSection
	GlobalSection(ProjectConfigurationPlatforms) = postSolution
		{2012C17A-E295-469E-B585-D3260200F86D}.Debug|Any CPU.ActiveCfg = Debug|Any CPU
		{2012C17A-E295-469E-B585-D3260200F86D}.Debug|Any CPU.Build.0 = Debug|Any CPU
		{2012C17A-E295-469E-B585-D3260200F86D}.Release|Any CPU.ActiveCfg = Release|Any CPU
		{2012C17A-E295-469E-B585-D3260200F86D}.Release|Any CPU.Build.0 = Release|Any CPU
		{F512BF15-AE08-46EC-84D5-A9A074C828CE}.Debug|Any CPU.ActiveCfg = Debug|Any CPU
		{F512BF15-AE08-46EC-84D5-A9A074C828CE}.Debug|Any CPU.Build.0 = Debug|Any CPU
		{F512BF15-AE08-46EC-84D5-A9A074C828CE}.Release|Any CPU.ActiveCfg = Release|Any CPU
		{F512BF15-AE08-46EC-84D5-A9A074C828CE}.Release|Any CPU.Build.0 = Release|Any CPU
		{C39A9B22-D454-4AA6-9DC7-F10E13AD5C82}.Debug|Any CPU.ActiveCfg = Debug|Any CPU
		{C39A9B22-D454-4AA6-9DC7-F10E13AD5C82}.Debug|Any CPU.Build.0 = Debug|Any CPU
		{C39A9B22-D454-4AA6-9DC7-F10E13AD5C82}.Release|Any CPU.ActiveCfg = Release|Any CPU
		{C39A9B22-D454-4AA6-9DC7-F10E13AD5C82}.Release|Any CPU.Build.0 = Release|Any CPU
	EndGlobalSection
	GlobalSection(SolutionProperties) = preSolution
		HideSolutionNode = FALSE
	EndGlobalSection
	GlobalSection(ExtensibilityGlobals) = postSolution
		SolutionGuid = {A5FA99DD-1644-4501-AAE5-8B33C893E899}
	EndGlobalSection
EndGlobal
