
Microsoft Visual Studio Solution File, Format Version 12.00
# Visual Studio Version 17
VisualStudioVersion = 17.0.32112.339
MinimumVisualStudioVersion = 10.0.40219.1
Project("{FAE04EC0-301F-11D3-BF4B-00C04F79EFBC}") = "Implementing Queue and Stack", "Implementing Queue and Stack\Implementing Queue and Stack.csproj", "{A3DF5804-9289-4082-BC0F-050395A644E0}"
EndProject
Global
	GlobalSection(SolutionConfigurationPlatforms) = preSolution
		Debug|Any CPU = Debug|Any CPU
		Release|Any CPU = Release|Any CPU
	EndGlobalSection
	GlobalSection(ProjectConfigurationPlatforms) = postSolution
		{A3DF5804-9289-4082-BC0F-050395A644E0}.Debug|Any CPU.ActiveCfg = Debug|Any CPU
		{A3DF5804-9289-4082-BC0F-050395A644E0}.Debug|Any CPU.Build.0 = Debug|Any CPU
		{A3DF5804-9289-4082-BC0F-050395A644E0}.Release|Any CPU.ActiveCfg = Release|Any CPU
		{A3DF5804-9289-4082-BC0F-050395A644E0}.Release|Any CPU.Build.0 = Release|Any CPU
	EndGlobalSection
	GlobalSection(SolutionProperties) = preSolution
		HideSolutionNode = FALSE
	EndGlobalSection
	GlobalSection(ExtensibilityGlobals) = postSolution
		SolutionGuid = {6D763B6F-39EE-4BFC-AA86-1A142BDB4FF1}
	EndGlobalSection
EndGlobal
